
Microsoft Visual Studio Solution File, Format Version 10.00
# Visual Studio 2008
Project("{8BC9CEB8-8B4A-11D0-8D11-00A0C91BC942}") = "Hannuo", "Hannuo\Hannuo.vcproj", "{90099A05-7C86-4D7A-982A-88E50EBBC9CD}"
EndProject
Global
	GlobalSection(SolutionConfigurationPlatforms) = preSolution
		Debug|Win32 = Debug|Win32
		Release|Win32 = Release|Win32
	EndGlobalSection
	GlobalSection(ProjectConfigurationPlatforms) = postSolution
		{90099A05-7C86-4D7A-982A-88E50EBBC9CD}.Debug|Win32.ActiveCfg = Debug|Win32
		{90099A05-7C86-4D7A-982A-88E50EBBC9CD}.Debug|Win32.Build.0 = Debug|Win32
		{90099A05-7C86-4D7A-982A-88E50EBBC9CD}.Release|Win32.ActiveCfg = Release|Win32
		{90099A05-7C86-4D7A-982A-88E50EBBC9CD}.Release|Win32.Build.0 = Release|Win32
	EndGlobalSection
	GlobalSection(SolutionProperties) = preSolution
		HideSolutionNode = FALSE
	EndGlobalSection
EndGlobal
