
Microsoft Visual Studio Solution File, Format Version 10.00
# Visual Studio 2008
Project("{8BC9CEB8-8B4A-11D0-8D11-00A0C91BC942}") = "B1076", "B1076\B1076.vcproj", "{6F35019F-9F04-43A8-9645-10C7E84B6D37}"
EndProject
Global
	GlobalSection(SolutionConfigurationPlatforms) = preSolution
		Debug|Win32 = Debug|Win32
		Release|Win32 = Release|Win32
	EndGlobalSection
	GlobalSection(ProjectConfigurationPlatforms) = postSolution
		{6F35019F-9F04-43A8-9645-10C7E84B6D37}.Debug|Win32.ActiveCfg = Debug|Win32
		{6F35019F-9F04-43A8-9645-10C7E84B6D37}.Debug|Win32.Build.0 = Debug|Win32
		{6F35019F-9F04-43A8-9645-10C7E84B6D37}.Release|Win32.ActiveCfg = Release|Win32
		{6F35019F-9F04-43A8-9645-10C7E84B6D37}.Release|Win32.Build.0 = Release|Win32
	EndGlobalSection
	GlobalSection(SolutionProperties) = preSolution
		HideSolutionNode = FALSE
	EndGlobalSection
EndGlobal
